
Microsoft Visual Studio Solution File, Format Version 12.00
# Visual Studio 15
Project("{FAE04EC0-301F-11D3-BF4B-00C04F79EFBC}") = "Majuli_1", "Majuli_1.csproj", "{857630C4-A02B-5C55-C7DE-A9EF1142FE77}"
EndProject
Project("{FAE04EC0-301F-11D3-BF4B-00C04F79EFBC}") = "Majuli_1.Editor", "Majuli_1.Editor.csproj", "{F56844D7-1419-B4D9-560C-6909D7A1F5AF}"
EndProject
Global
	GlobalSection(SolutionConfigurationPlatforms) = preSolution
		Debug|Any CPU = Debug|Any CPU
		Release|Any CPU = Release|Any CPU
	EndGlobalSection
	GlobalSection(ProjectConfigurationPlatforms) = postSolution
		{857630C4-A02B-5C55-C7DE-A9EF1142FE77}.Debug|Any CPU.ActiveCfg = Debug|Any CPU
		{857630C4-A02B-5C55-C7DE-A9EF1142FE77}.Debug|Any CPU.Build.0 = Debug|Any CPU
		{857630C4-A02B-5C55-C7DE-A9EF1142FE77}.Release|Any CPU.ActiveCfg = Release|Any CPU
		{857630C4-A02B-5C55-C7DE-A9EF1142FE77}.Release|Any CPU.Build.0 = Release|Any CPU
		{F56844D7-1419-B4D9-560C-6909D7A1F5AF}.Debug|Any CPU.ActiveCfg = Debug|Any CPU
		{F56844D7-1419-B4D9-560C-6909D7A1F5AF}.Debug|Any CPU.Build.0 = Debug|Any CPU
		{F56844D7-1419-B4D9-560C-6909D7A1F5AF}.Release|Any CPU.ActiveCfg = Release|Any CPU
		{F56844D7-1419-B4D9-560C-6909D7A1F5AF}.Release|Any CPU.Build.0 = Release|Any CPU
	EndGlobalSection
	GlobalSection(SolutionProperties) = preSolution
		HideSolutionNode = FALSE
	EndGlobalSection
EndGlobal
